
Microsoft Visual Studio Solution File, Format Version 12.00
# Visual Studio Version 17
VisualStudioVersion = 17.7.34221.43
MinimumVisualStudioVersion = 10.0.40219.1
Project("{FAE04EC0-301F-11D3-BF4B-00C04F79EFBC}") = "WebApplication5", "WebApplication5\WebApplication5.csproj", "{98AEFDE4-FB50-4C1F-8513-1CFE02866553}"
EndProject
Global
	GlobalSection(SolutionConfigurationPlatforms) = preSolution
		Debug|Any CPU = Debug|Any CPU
		Release|Any CPU = Release|Any CPU
	EndGlobalSection
	GlobalSection(ProjectConfigurationPlatforms) = postSolution
		{98AEFDE4-FB50-4C1F-8513-1CFE02866553}.Debug|Any CPU.ActiveCfg = Debug|Any CPU
		{98AEFDE4-FB50-4C1F-8513-1CFE02866553}.Debug|Any CPU.Build.0 = Debug|Any CPU
		{98AEFDE4-FB50-4C1F-8513-1CFE02866553}.Release|Any CPU.ActiveCfg = Release|Any CPU
		{98AEFDE4-FB50-4C1F-8513-1CFE02866553}.Release|Any CPU.Build.0 = Release|Any CPU
	EndGlobalSection
	GlobalSection(SolutionProperties) = preSolution
		HideSolutionNode = FALSE
	EndGlobalSection
	GlobalSection(ExtensibilityGlobals) = postSolution
		SolutionGuid = {10BDDA51-D52B-49F8-AFA3-6B654B38D164}
	EndGlobalSection
EndGlobal
